
Microsoft Visual Studio Solution File, Format Version 12.00
# Visual Studio Version 17
VisualStudioVersion = 17.11.35303.130
MinimumVisualStudioVersion = 10.0.40219.1
Project("{9A19103F-16F7-4668-BE54-9A1E7A4F7556}") = "Consumer", "Consumer\Consumer.csproj", "{DFEEFDCF-C860-46FB-A6B7-0B798A02417C}"
EndProject
Project("{9A19103F-16F7-4668-BE54-9A1E7A4F7556}") = "Application", "Application\Application.csproj", "{BE9DD35D-8E35-4F60-A08D-93C7383E8C6C}"
EndProject
Project("{9A19103F-16F7-4668-BE54-9A1E7A4F7556}") = "Domain", "Domain\Domain.csproj", "{44FA8B2D-34B6-47B9-BFB6-7B41E2D75B16}"
EndProject
Project("{9A19103F-16F7-4668-BE54-9A1E7A4F7556}") = "Services", "Services\Services.csproj", "{2BADAE2B-B549-4BB6-833E-FEC0967EBBCA}"
EndProject
Project("{2150E333-8FDC-42A3-9474-1A3956D46DE8}") = "Resources", "Resources", "{179D8435-5DD6-42B3-B5CC-096B5D09BCDC}"
	ProjectSection(SolutionItems) = preProject
		Dockerfile = Dockerfile
		k8s.yaml = k8s.yaml
	EndProjectSection
EndProject
Global
	GlobalSection(SolutionConfigurationPlatforms) = preSolution
		Debug|Any CPU = Debug|Any CPU
		Release|Any CPU = Release|Any CPU
	EndGlobalSection
	GlobalSection(ProjectConfigurationPlatforms) = postSolution
		{DFEEFDCF-C860-46FB-A6B7-0B798A02417C}.Debug|Any CPU.ActiveCfg = Debug|Any CPU
		{DFEEFDCF-C860-46FB-A6B7-0B798A02417C}.Debug|Any CPU.Build.0 = Debug|Any CPU
		{DFEEFDCF-C860-46FB-A6B7-0B798A02417C}.Release|Any CPU.ActiveCfg = Release|Any CPU
		{DFEEFDCF-C860-46FB-A6B7-0B798A02417C}.Release|Any CPU.Build.0 = Release|Any CPU
		{BE9DD35D-8E35-4F60-A08D-93C7383E8C6C}.Debug|Any CPU.ActiveCfg = Debug|Any CPU
		{BE9DD35D-8E35-4F60-A08D-93C7383E8C6C}.Debug|Any CPU.Build.0 = Debug|Any CPU
		{BE9DD35D-8E35-4F60-A08D-93C7383E8C6C}.Release|Any CPU.ActiveCfg = Release|Any CPU
		{BE9DD35D-8E35-4F60-A08D-93C7383E8C6C}.Release|Any CPU.Build.0 = Release|Any CPU
		{44FA8B2D-34B6-47B9-BFB6-7B41E2D75B16}.Debug|Any CPU.ActiveCfg = Debug|Any CPU
		{44FA8B2D-34B6-47B9-BFB6-7B41E2D75B16}.Debug|Any CPU.Build.0 = Debug|Any CPU
		{44FA8B2D-34B6-47B9-BFB6-7B41E2D75B16}.Release|Any CPU.ActiveCfg = Release|Any CPU
		{44FA8B2D-34B6-47B9-BFB6-7B41E2D75B16}.Release|Any CPU.Build.0 = Release|Any CPU
		{2BADAE2B-B549-4BB6-833E-FEC0967EBBCA}.Debug|Any CPU.ActiveCfg = Debug|Any CPU
		{2BADAE2B-B549-4BB6-833E-FEC0967EBBCA}.Debug|Any CPU.Build.0 = Debug|Any CPU
		{2BADAE2B-B549-4BB6-833E-FEC0967EBBCA}.Release|Any CPU.ActiveCfg = Release|Any CPU
		{2BADAE2B-B549-4BB6-833E-FEC0967EBBCA}.Release|Any CPU.Build.0 = Release|Any CPU
	EndGlobalSection
	GlobalSection(SolutionProperties) = preSolution
		HideSolutionNode = FALSE
	EndGlobalSection
	GlobalSection(ExtensibilityGlobals) = postSolution
		SolutionGuid = {F2FF042F-7D19-477C-9119-EEC6BEF60191}
	EndGlobalSection
EndGlobal
